
Microsoft Visual Studio Solution File, Format Version 12.00
# Visual Studio Version 16
VisualStudioVersion = 16.0.29001.49
MinimumVisualStudioVersion = 10.0.40219.1
Project("{9A19103F-16F7-4668-BE54-9A1E7A4F7556}") = "BattleShips.Web", "BattleShips.Web\BattleShips.Web.csproj", "{8C97DBB0-7184-4C2A-8A85-605B9B75D19C}"
EndProject
Project("{9A19103F-16F7-4668-BE54-9A1E7A4F7556}") = "BattleShips.Core", "BattleShips.Core\BattleShips.Core.csproj", "{77C87CDF-CFFD-4A96-AE8D-1382E528B5B7}"
EndProject
Project("{2150E333-8FDC-42A3-9474-1A3956D46DE8}") = "Tests", "Tests", "{A784F4CD-5C68-45CB-BB27-E3F70970D3B6}"
EndProject
Project("{9A19103F-16F7-4668-BE54-9A1E7A4F7556}") = "BattleShips.Core.Tests", "BattleShips.Core.Tests\BattleShips.Core.Tests.csproj", "{DE21DBF5-D030-4046-8533-60B467D6A07E}"
EndProject
Project("{9A19103F-16F7-4668-BE54-9A1E7A4F7556}") = "BattleShips.GameRepository", "BattleShips.GameRepository\BattleShips.GameRepository.csproj", "{783E95C8-3322-4BAF-8C8E-EB26437C3DE4}"
EndProject
Project("{9A19103F-16F7-4668-BE54-9A1E7A4F7556}") = "BattleShips.GameRepository.Tests", "BattleShips.GameRepository.Tests\BattleShips.GameRepository.Tests.csproj", "{800C812C-A013-44B1-800E-3423AB190AB0}"
EndProject
Project("{FAE04EC0-301F-11D3-BF4B-00C04F79EFBC}") = "BattleShips.Web.Tests", "BattleShips.Web.Tests\BattleShips.Web.Tests.csproj", "{532ADBBE-5C61-45E1-AF5B-AE2D6FB0A1DC}"
EndProject
Global
	GlobalSection(SolutionConfigurationPlatforms) = preSolution
		Debug|Any CPU = Debug|Any CPU
		Release|Any CPU = Release|Any CPU
	EndGlobalSection
	GlobalSection(ProjectConfigurationPlatforms) = postSolution
		{8C97DBB0-7184-4C2A-8A85-605B9B75D19C}.Debug|Any CPU.ActiveCfg = Debug|Any CPU
		{8C97DBB0-7184-4C2A-8A85-605B9B75D19C}.Debug|Any CPU.Build.0 = Debug|Any CPU
		{8C97DBB0-7184-4C2A-8A85-605B9B75D19C}.Release|Any CPU.ActiveCfg = Release|Any CPU
		{8C97DBB0-7184-4C2A-8A85-605B9B75D19C}.Release|Any CPU.Build.0 = Release|Any CPU
		{77C87CDF-CFFD-4A96-AE8D-1382E528B5B7}.Debug|Any CPU.ActiveCfg = Debug|Any CPU
		{77C87CDF-CFFD-4A96-AE8D-1382E528B5B7}.Debug|Any CPU.Build.0 = Debug|Any CPU
		{77C87CDF-CFFD-4A96-AE8D-1382E528B5B7}.Release|Any CPU.ActiveCfg = Release|Any CPU
		{77C87CDF-CFFD-4A96-AE8D-1382E528B5B7}.Release|Any CPU.Build.0 = Release|Any CPU
		{DE21DBF5-D030-4046-8533-60B467D6A07E}.Debug|Any CPU.ActiveCfg = Debug|Any CPU
		{DE21DBF5-D030-4046-8533-60B467D6A07E}.Debug|Any CPU.Build.0 = Debug|Any CPU
		{DE21DBF5-D030-4046-8533-60B467D6A07E}.Release|Any CPU.ActiveCfg = Release|Any CPU
		{DE21DBF5-D030-4046-8533-60B467D6A07E}.Release|Any CPU.Build.0 = Release|Any CPU
		{783E95C8-3322-4BAF-8C8E-EB26437C3DE4}.Debug|Any CPU.ActiveCfg = Debug|Any CPU
		{783E95C8-3322-4BAF-8C8E-EB26437C3DE4}.Debug|Any CPU.Build.0 = Debug|Any CPU
		{783E95C8-3322-4BAF-8C8E-EB26437C3DE4}.Release|Any CPU.ActiveCfg = Release|Any CPU
		{783E95C8-3322-4BAF-8C8E-EB26437C3DE4}.Release|Any CPU.Build.0 = Release|Any CPU
		{800C812C-A013-44B1-800E-3423AB190AB0}.Debug|Any CPU.ActiveCfg = Debug|Any CPU
		{800C812C-A013-44B1-800E-3423AB190AB0}.Debug|Any CPU.Build.0 = Debug|Any CPU
		{800C812C-A013-44B1-800E-3423AB190AB0}.Release|Any CPU.ActiveCfg = Release|Any CPU
		{800C812C-A013-44B1-800E-3423AB190AB0}.Release|Any CPU.Build.0 = Release|Any CPU
		{532ADBBE-5C61-45E1-AF5B-AE2D6FB0A1DC}.Debug|Any CPU.ActiveCfg = Debug|Any CPU
		{532ADBBE-5C61-45E1-AF5B-AE2D6FB0A1DC}.Debug|Any CPU.Build.0 = Debug|Any CPU
		{532ADBBE-5C61-45E1-AF5B-AE2D6FB0A1DC}.Release|Any CPU.ActiveCfg = Release|Any CPU
		{532ADBBE-5C61-45E1-AF5B-AE2D6FB0A1DC}.Release|Any CPU.Build.0 = Release|Any CPU
	EndGlobalSection
	GlobalSection(SolutionProperties) = preSolution
		HideSolutionNode = FALSE
	EndGlobalSection
	GlobalSection(NestedProjects) = preSolution
		{DE21DBF5-D030-4046-8533-60B467D6A07E} = {A784F4CD-5C68-45CB-BB27-E3F70970D3B6}
		{800C812C-A013-44B1-800E-3423AB190AB0} = {A784F4CD-5C68-45CB-BB27-E3F70970D3B6}
		{532ADBBE-5C61-45E1-AF5B-AE2D6FB0A1DC} = {A784F4CD-5C68-45CB-BB27-E3F70970D3B6}
	EndGlobalSection
	GlobalSection(ExtensibilityGlobals) = postSolution
		SolutionGuid = {4FBCBC60-8282-4625-B700-52F035588274}
	EndGlobalSection
EndGlobal
